
Microsoft Visual Studio Solution File, Format Version 12.00
# Visual Studio Version 16
VisualStudioVersion = 16.0.29613.14
MinimumVisualStudioVersion = 15.0.26124.0
Project("{9A19103F-16F7-4668-BE54-9A1E7A4F7556}") = "AuthorizationService", "AuthorizationService\AuthorizationService.csproj", "{05A4B1E3-D584-45DF-BF91-055B80006CE0}"
EndProject
Project("{FAE04EC0-301F-11D3-BF4B-00C04F79EFBC}") = "ResourceApi", "ResourceApi\ResourceApi.csproj", "{CBBED6D8-3C3C-4DF0-AD22-31E144C9563B}"
EndProject
Project("{FAE04EC0-301F-11D3-BF4B-00C04F79EFBC}") = "ClientApp", "ClientApp\ClientApp.csproj", "{5F7DB08D-71F3-4798-96BC-E143F9525EE1}"
EndProject
Global
	GlobalSection(SolutionConfigurationPlatforms) = preSolution
		Debug|Any CPU = Debug|Any CPU
		Debug|x64 = Debug|x64
		Debug|x86 = Debug|x86
		Release|Any CPU = Release|Any CPU
		Release|x64 = Release|x64
		Release|x86 = Release|x86
	EndGlobalSection
	GlobalSection(ProjectConfigurationPlatforms) = postSolution
		{05A4B1E3-D584-45DF-BF91-055B80006CE0}.Debug|Any CPU.ActiveCfg = Debug|Any CPU
		{05A4B1E3-D584-45DF-BF91-055B80006CE0}.Debug|Any CPU.Build.0 = Debug|Any CPU
		{05A4B1E3-D584-45DF-BF91-055B80006CE0}.Debug|x64.ActiveCfg = Debug|Any CPU
		{05A4B1E3-D584-45DF-BF91-055B80006CE0}.Debug|x64.Build.0 = Debug|Any CPU
		{05A4B1E3-D584-45DF-BF91-055B80006CE0}.Debug|x86.ActiveCfg = Debug|Any CPU
		{05A4B1E3-D584-45DF-BF91-055B80006CE0}.Debug|x86.Build.0 = Debug|Any CPU
		{05A4B1E3-D584-45DF-BF91-055B80006CE0}.Release|Any CPU.ActiveCfg = Release|Any CPU
		{05A4B1E3-D584-45DF-BF91-055B80006CE0}.Release|Any CPU.Build.0 = Release|Any CPU
		{05A4B1E3-D584-45DF-BF91-055B80006CE0}.Release|x64.ActiveCfg = Release|Any CPU
		{05A4B1E3-D584-45DF-BF91-055B80006CE0}.Release|x64.Build.0 = Release|Any CPU
		{05A4B1E3-D584-45DF-BF91-055B80006CE0}.Release|x86.ActiveCfg = Release|Any CPU
		{05A4B1E3-D584-45DF-BF91-055B80006CE0}.Release|x86.Build.0 = Release|Any CPU
		{CBBED6D8-3C3C-4DF0-AD22-31E144C9563B}.Debug|Any CPU.ActiveCfg = Debug|Any CPU
		{CBBED6D8-3C3C-4DF0-AD22-31E144C9563B}.Debug|Any CPU.Build.0 = Debug|Any CPU
		{CBBED6D8-3C3C-4DF0-AD22-31E144C9563B}.Debug|x64.ActiveCfg = Debug|Any CPU
		{CBBED6D8-3C3C-4DF0-AD22-31E144C9563B}.Debug|x64.Build.0 = Debug|Any CPU
		{CBBED6D8-3C3C-4DF0-AD22-31E144C9563B}.Debug|x86.ActiveCfg = Debug|Any CPU
		{CBBED6D8-3C3C-4DF0-AD22-31E144C9563B}.Debug|x86.Build.0 = Debug|Any CPU
		{CBBED6D8-3C3C-4DF0-AD22-31E144C9563B}.Release|Any CPU.ActiveCfg = Release|Any CPU
		{CBBED6D8-3C3C-4DF0-AD22-31E144C9563B}.Release|Any CPU.Build.0 = Release|Any CPU
		{CBBED6D8-3C3C-4DF0-AD22-31E144C9563B}.Release|x64.ActiveCfg = Release|Any CPU
		{CBBED6D8-3C3C-4DF0-AD22-31E144C9563B}.Release|x64.Build.0 = Release|Any CPU
		{CBBED6D8-3C3C-4DF0-AD22-31E144C9563B}.Release|x86.ActiveCfg = Release|Any CPU
		{CBBED6D8-3C3C-4DF0-AD22-31E144C9563B}.Release|x86.Build.0 = Release|Any CPU
		{5F7DB08D-71F3-4798-96BC-E143F9525EE1}.Debug|Any CPU.ActiveCfg = Debug|Any CPU
		{5F7DB08D-71F3-4798-96BC-E143F9525EE1}.Debug|Any CPU.Build.0 = Debug|Any CPU
		{5F7DB08D-71F3-4798-96BC-E143F9525EE1}.Debug|x64.ActiveCfg = Debug|Any CPU
		{5F7DB08D-71F3-4798-96BC-E143F9525EE1}.Debug|x64.Build.0 = Debug|Any CPU
		{5F7DB08D-71F3-4798-96BC-E143F9525EE1}.Debug|x86.ActiveCfg = Debug|Any CPU
		{5F7DB08D-71F3-4798-96BC-E143F9525EE1}.Debug|x86.Build.0 = Debug|Any CPU
		{5F7DB08D-71F3-4798-96BC-E143F9525EE1}.Release|Any CPU.ActiveCfg = Release|Any CPU
		{5F7DB08D-71F3-4798-96BC-E143F9525EE1}.Release|Any CPU.Build.0 = Release|Any CPU
		{5F7DB08D-71F3-4798-96BC-E143F9525EE1}.Release|x64.ActiveCfg = Release|Any CPU
		{5F7DB08D-71F3-4798-96BC-E143F9525EE1}.Release|x64.Build.0 = Release|Any CPU
		{5F7DB08D-71F3-4798-96BC-E143F9525EE1}.Release|x86.ActiveCfg = Release|Any CPU
		{5F7DB08D-71F3-4798-96BC-E143F9525EE1}.Release|x86.Build.0 = Release|Any CPU
	EndGlobalSection
	GlobalSection(SolutionProperties) = preSolution
		HideSolutionNode = FALSE
	EndGlobalSection
	GlobalSection(ExtensibilityGlobals) = postSolution
		SolutionGuid = {23C3B96F-610A-437D-911B-A048880D1BA3}
	EndGlobalSection
EndGlobal
